<?xml version="1.0" encoding="utf-8"?>
<Project ToolsVersion="4.0" xmlns="http://schemas.microsoft.com/developer/msbuild/2003">
  <ItemGroup>
    <Filter Include="资源文件">
      <UniqueIdentifier>{67DA6AB6-F800-4c08-8B7A-83BB121AAD01}</UniqueIdentifier>
      <Extensions>rc;ico;cur;bmp;dlg;rc2;rct;bin;rgs;gif;jpg;jpeg;jpe;resx;tiff;tif;png;wav;mfcribbon-ms</Extensions>
    </Filter>
    <Filter Include="shaders">
      <UniqueIdentifier>{d104f479-1b07-407e-ae82-e868a8d60a35}</UniqueIdentifier>
    </Filter>
    <Filter Include="gl">
      <UniqueIdentifier>{3ffbb593-5a4e-4b8a-9058-ec0df9b5e060}</UniqueIdentifier>
    </Filter>
    <Filter Include="render">
      <UniqueIdentifier>{814086df-0b2a-4180-821f-20ed78adeb5c}</UniqueIdentifier>
    </Filter>
    <Filter Include="tools">
      <UniqueIdentifier>{7f8a65a0-9ef7-4981-b600-69a05f18d7eb}</UniqueIdentifier>
    </Filter>
    <Filter Include="GUI">
      <UniqueIdentifier>{f13610fb-8eb9-496b-80db-da5196733b6b}</UniqueIdentifier>
    </Filter>
    <Filter Include="math">
      <UniqueIdentifier>{d8a626ae-fc46-4060-b19f-8f0dc0854cee}</UniqueIdentifier>
    </Filter>
  </ItemGroup>
  <ItemGroup>
    <ClCompile Include="gl.cpp">
      <Filter>gl</Filter>
    </ClCompile>
    <ClCompile Include="frame_render.cpp">
      <Filter>render</Filter>
    </ClCompile>
    <ClCompile Include="PBRender.cpp">
      <Filter>render</Filter>
    </ClCompile>
    <ClCompile Include="utils.cpp">
      <Filter>tools</Filter>
    </ClCompile>
    <ClCompile Include="model.cpp">
      <Filter>tools</Filter>
    </ClCompile>
    <ClCompile Include="tgaimage.cpp">
      <Filter>tools</Filter>
    </ClCompile>
    <ClCompile Include="GUI.cpp">
      <Filter>GUI</Filter>
    </ClCompile>
    <ClCompile Include="geometry.cpp">
      <Filter>math</Filter>
    </ClCompile>
    <ClCompile Include="texture.cpp">
      <Filter>tools</Filter>
    </ClCompile>
  </ItemGroup>
  <ItemGroup>
    <ClInclude Include="shader.h">
      <Filter>shaders</Filter>
    </ClInclude>
    <ClInclude Include="pbr_shader.h">
      <Filter>shaders</Filter>
    </ClInclude>
    <ClInclude Include="gl.h">
      <Filter>gl</Filter>
    </ClInclude>
    <ClInclude Include="PBRender.h">
      <Filter>render</Filter>
    </ClInclude>
    <ClInclude Include="frame_render.h">
      <Filter>render</Filter>
    </ClInclude>
    <ClInclude Include="base_render.h">
      <Filter>render</Filter>
    </ClInclude>
    <ClInclude Include="camera.h">
      <Filter>tools</Filter>
    </ClInclude>
    <ClInclude Include="utils.h">
      <Filter>tools</Filter>
    </ClInclude>
    <ClInclude Include="Light.h">
      <Filter>tools</Filter>
    </ClInclude>
    <ClInclude Include="model.h">
      <Filter>tools</Filter>
    </ClInclude>
    <ClInclude Include="texture.h">
      <Filter>tools</Filter>
    </ClInclude>
    <ClInclude Include="tgaimage.h">
      <Filter>tools</Filter>
    </ClInclude>
    <ClInclude Include="geometry.h">
      <Filter>math</Filter>
    </ClInclude>
    <ClInclude Include="wr_math.h">
      <Filter>math</Filter>
    </ClInclude>
  </ItemGroup>
</Project>